
Microsoft Visual Studio Solution File, Format Version 12.00
# Visual Studio Version 17
VisualStudioVersion = 17.8.34525.116
MinimumVisualStudioVersion = 10.0.40219.1
Project("{9A19103F-16F7-4668-BE54-9A1E7A4F7556}") = "ConsistantHashSample", "ConsistantHashSample\ConsistantHashSample.csproj", "{D8E09BA7-2971-4569-A7BF-F10C4841F402}"
EndProject
Project("{9A19103F-16F7-4668-BE54-9A1E7A4F7556}") = "fundamental", "fundamental\fundamental.csproj", "{C8D5F9E6-C782-45F3-AF54-E2ECF3FF0F3D}"
EndProject
Project("{9A19103F-16F7-4668-BE54-9A1E7A4F7556}") = "Intermediate", "Intermediate\Intermediate.csproj", "{415D7EFD-00BF-456D-AE7F-C68FC4873959}"
EndProject
Project("{9A19103F-16F7-4668-BE54-9A1E7A4F7556}") = "1Advanced", "1Advanced\1Advanced.csproj", "{3685C033-0BD6-4A79-A131-4A33B6E387F5}"
EndProject
Project("{9A19103F-16F7-4668-BE54-9A1E7A4F7556}") = "Helpers", "Helpers\Helpers.csproj", "{9CC0CD73-CE83-47B2-9B4D-254C017FD361}"
EndProject
Project("{9A19103F-16F7-4668-BE54-9A1E7A4F7556}") = "oops", "oops\oops.csproj", "{9371CDA8-3BF3-4D39-97E8-5E84A2B1829E}"
EndProject
Project("{9A19103F-16F7-4668-BE54-9A1E7A4F7556}") = "2Advanced", "2Advanced\2Advanced.csproj", "{3E8E8941-C88C-4C7B-8666-B7309536787C}"
EndProject
Project("{FAE04EC0-301F-11D3-BF4B-00C04F79EFBC}") = "3Advanced", "3Advanced\3Advanced.csproj", "{D34A899B-2DA2-488B-99A9-20F0EB217515}"
EndProject
Global
	GlobalSection(SolutionConfigurationPlatforms) = preSolution
		Debug|Any CPU = Debug|Any CPU
		Release|Any CPU = Release|Any CPU
	EndGlobalSection
	GlobalSection(ProjectConfigurationPlatforms) = postSolution
		{D8E09BA7-2971-4569-A7BF-F10C4841F402}.Debug|Any CPU.ActiveCfg = Debug|Any CPU
		{D8E09BA7-2971-4569-A7BF-F10C4841F402}.Debug|Any CPU.Build.0 = Debug|Any CPU
		{D8E09BA7-2971-4569-A7BF-F10C4841F402}.Release|Any CPU.ActiveCfg = Release|Any CPU
		{D8E09BA7-2971-4569-A7BF-F10C4841F402}.Release|Any CPU.Build.0 = Release|Any CPU
		{C8D5F9E6-C782-45F3-AF54-E2ECF3FF0F3D}.Debug|Any CPU.ActiveCfg = Debug|Any CPU
		{C8D5F9E6-C782-45F3-AF54-E2ECF3FF0F3D}.Debug|Any CPU.Build.0 = Debug|Any CPU
		{C8D5F9E6-C782-45F3-AF54-E2ECF3FF0F3D}.Release|Any CPU.ActiveCfg = Release|Any CPU
		{C8D5F9E6-C782-45F3-AF54-E2ECF3FF0F3D}.Release|Any CPU.Build.0 = Release|Any CPU
		{415D7EFD-00BF-456D-AE7F-C68FC4873959}.Debug|Any CPU.ActiveCfg = Debug|Any CPU
		{415D7EFD-00BF-456D-AE7F-C68FC4873959}.Debug|Any CPU.Build.0 = Debug|Any CPU
		{415D7EFD-00BF-456D-AE7F-C68FC4873959}.Release|Any CPU.ActiveCfg = Release|Any CPU
		{415D7EFD-00BF-456D-AE7F-C68FC4873959}.Release|Any CPU.Build.0 = Release|Any CPU
		{3685C033-0BD6-4A79-A131-4A33B6E387F5}.Debug|Any CPU.ActiveCfg = Debug|Any CPU
		{3685C033-0BD6-4A79-A131-4A33B6E387F5}.Debug|Any CPU.Build.0 = Debug|Any CPU
		{3685C033-0BD6-4A79-A131-4A33B6E387F5}.Release|Any CPU.ActiveCfg = Release|Any CPU
		{3685C033-0BD6-4A79-A131-4A33B6E387F5}.Release|Any CPU.Build.0 = Release|Any CPU
		{9CC0CD73-CE83-47B2-9B4D-254C017FD361}.Debug|Any CPU.ActiveCfg = Debug|Any CPU
		{9CC0CD73-CE83-47B2-9B4D-254C017FD361}.Debug|Any CPU.Build.0 = Debug|Any CPU
		{9CC0CD73-CE83-47B2-9B4D-254C017FD361}.Release|Any CPU.ActiveCfg = Release|Any CPU
		{9CC0CD73-CE83-47B2-9B4D-254C017FD361}.Release|Any CPU.Build.0 = Release|Any CPU
		{9371CDA8-3BF3-4D39-97E8-5E84A2B1829E}.Debug|Any CPU.ActiveCfg = Debug|Any CPU
		{9371CDA8-3BF3-4D39-97E8-5E84A2B1829E}.Debug|Any CPU.Build.0 = Debug|Any CPU
		{9371CDA8-3BF3-4D39-97E8-5E84A2B1829E}.Release|Any CPU.ActiveCfg = Release|Any CPU
		{9371CDA8-3BF3-4D39-97E8-5E84A2B1829E}.Release|Any CPU.Build.0 = Release|Any CPU
		{3E8E8941-C88C-4C7B-8666-B7309536787C}.Debug|Any CPU.ActiveCfg = Debug|Any CPU
		{3E8E8941-C88C-4C7B-8666-B7309536787C}.Debug|Any CPU.Build.0 = Debug|Any CPU
		{3E8E8941-C88C-4C7B-8666-B7309536787C}.Release|Any CPU.ActiveCfg = Release|Any CPU
		{3E8E8941-C88C-4C7B-8666-B7309536787C}.Release|Any CPU.Build.0 = Release|Any CPU
		{D34A899B-2DA2-488B-99A9-20F0EB217515}.Debug|Any CPU.ActiveCfg = Debug|Any CPU
		{D34A899B-2DA2-488B-99A9-20F0EB217515}.Debug|Any CPU.Build.0 = Debug|Any CPU
		{D34A899B-2DA2-488B-99A9-20F0EB217515}.Release|Any CPU.ActiveCfg = Release|Any CPU
		{D34A899B-2DA2-488B-99A9-20F0EB217515}.Release|Any CPU.Build.0 = Release|Any CPU
	EndGlobalSection
	GlobalSection(SolutionProperties) = preSolution
		HideSolutionNode = FALSE
	EndGlobalSection
	GlobalSection(ExtensibilityGlobals) = postSolution
		SolutionGuid = {3E22FBDC-1B2D-43F7-A427-40A751A83343}
	EndGlobalSection
EndGlobal
