
Microsoft Visual Studio Solution File, Format Version 12.00
# Visual Studio Version 17
VisualStudioVersion = 17.8.34525.116
MinimumVisualStudioVersion = 10.0.40219.1
Project("{9A19103F-16F7-4668-BE54-9A1E7A4F7556}") = "ConsistantHashSample", "ConsistantHashSample\ConsistantHashSample.csproj", "{D8E09BA7-2971-4569-A7BF-F10C4841F402}"
EndProject
Project("{9A19103F-16F7-4668-BE54-9A1E7A4F7556}") = "fundamental", "fundamental\fundamental.csproj", "{C8D5F9E6-C782-45F3-AF54-E2ECF3FF0F3D}"
EndProject
Project("{FAE04EC0-301F-11D3-BF4B-00C04F79EFBC}") = "Intermediate", "Intermediate\Intermediate.csproj", "{415D7EFD-00BF-456D-AE7F-C68FC4873959}"
EndProject
Global
	GlobalSection(SolutionConfigurationPlatforms) = preSolution
		Debug|Any CPU = Debug|Any CPU
		Release|Any CPU = Release|Any CPU
	EndGlobalSection
	GlobalSection(ProjectConfigurationPlatforms) = postSolution
		{D8E09BA7-2971-4569-A7BF-F10C4841F402}.Debug|Any CPU.ActiveCfg = Debug|Any CPU
		{D8E09BA7-2971-4569-A7BF-F10C4841F402}.Debug|Any CPU.Build.0 = Debug|Any CPU
		{D8E09BA7-2971-4569-A7BF-F10C4841F402}.Release|Any CPU.ActiveCfg = Release|Any CPU
		{D8E09BA7-2971-4569-A7BF-F10C4841F402}.Release|Any CPU.Build.0 = Release|Any CPU
		{C8D5F9E6-C782-45F3-AF54-E2ECF3FF0F3D}.Debug|Any CPU.ActiveCfg = Debug|Any CPU
		{C8D5F9E6-C782-45F3-AF54-E2ECF3FF0F3D}.Debug|Any CPU.Build.0 = Debug|Any CPU
		{C8D5F9E6-C782-45F3-AF54-E2ECF3FF0F3D}.Release|Any CPU.ActiveCfg = Release|Any CPU
		{C8D5F9E6-C782-45F3-AF54-E2ECF3FF0F3D}.Release|Any CPU.Build.0 = Release|Any CPU
		{415D7EFD-00BF-456D-AE7F-C68FC4873959}.Debug|Any CPU.ActiveCfg = Debug|Any CPU
		{415D7EFD-00BF-456D-AE7F-C68FC4873959}.Debug|Any CPU.Build.0 = Debug|Any CPU
		{415D7EFD-00BF-456D-AE7F-C68FC4873959}.Release|Any CPU.ActiveCfg = Release|Any CPU
		{415D7EFD-00BF-456D-AE7F-C68FC4873959}.Release|Any CPU.Build.0 = Release|Any CPU
	EndGlobalSection
	GlobalSection(SolutionProperties) = preSolution
		HideSolutionNode = FALSE
	EndGlobalSection
	GlobalSection(ExtensibilityGlobals) = postSolution
		SolutionGuid = {3E22FBDC-1B2D-43F7-A427-40A751A83343}
	EndGlobalSection
EndGlobal
